// !$*UTF8*$!
{
	archiveVersion = 1;
	classes = {
	};
	objectVersion = 51;
	objects = {

/* Begin PBXBuildFile section */
		481FC02125AF638E00ABF2DD /* Extensions.swift in Sources */ = {isa = PBXBuildFile; fileRef = 481FC02025AF638E00ABF2DD /* Extensions.swift */; };
		4828B8B425B6108400AA07FB /* PhotoSelectorController.swift in Sources */ = {isa = PBXBuildFile; fileRef = 4828B8B325B6108400AA07FB /* PhotoSelectorController.swift */; };
		4837B4AB25B0C8D3001A3622 /* LoginController.swift in Sources */ = {isa = PBXBuildFile; fileRef = 4837B4AA25B0C8D3001A3622 /* LoginController.swift */; };
		4878280F25AFA721008A28C7 /* MainTabBarController.swift in Sources */ = {isa = PBXBuildFile; fileRef = 4878280E25AFA721008A28C7 /* MainTabBarController.swift */; };
		4878281125AFA861008A28C7 /* UserProfileController.swift in Sources */ = {isa = PBXBuildFile; fileRef = 4878281025AFA861008A28C7 /* UserProfileController.swift */; };
		4878281425AFB8E2008A28C7 /* UserProfileHeader.swift in Sources */ = {isa = PBXBuildFile; fileRef = 4878281325AFB8E2008A28C7 /* UserProfileHeader.swift */; };
		48DDF3E225AF7D7A008C6E92 /* GoogleService-Info.plist in Resources */ = {isa = PBXBuildFile; fileRef = 48DDF3E125AF7D7A008C6E92 /* GoogleService-Info.plist */; };
		48E9D9A725AE638E00CEBFAD /* AppDelegate.swift in Sources */ = {isa = PBXBuildFile; fileRef = 48E9D9A625AE638E00CEBFAD /* AppDelegate.swift */; };
		48E9D9A925AE638E00CEBFAD /* SignUpController.swift in Sources */ = {isa = PBXBuildFile; fileRef = 48E9D9A825AE638E00CEBFAD /* SignUpController.swift */; };
		48E9D9AE25AE638F00CEBFAD /* Assets.xcassets in Resources */ = {isa = PBXBuildFile; fileRef = 48E9D9AD25AE638F00CEBFAD /* Assets.xcassets */; };
		48E9D9B125AE638F00CEBFAD /* LaunchScreen.storyboard in Resources */ = {isa = PBXBuildFile; fileRef = 48E9D9AF25AE638F00CEBFAD /* LaunchScreen.storyboard */; };
		72D70F28D241A26E13CD5E38 /* Pods_Instagram.framework in Frameworks */ = {isa = PBXBuildFile; fileRef = A20AACE7175F1971D814D96A /* Pods_Instagram.framework */; };
/* End PBXBuildFile section */

/* Begin PBXFileReference section */
		481FC02025AF638E00ABF2DD /* Extensions.swift */ = {isa = PBXFileReference; lastKnownFileType = sourcecode.swift; path = Extensions.swift; sourceTree = "<group>"; };
		4828B8B325B6108400AA07FB /* PhotoSelectorController.swift */ = {isa = PBXFileReference; lastKnownFileType = sourcecode.swift; path = PhotoSelectorController.swift; sourceTree = "<group>"; };
		4837B4AA25B0C8D3001A3622 /* LoginController.swift */ = {isa = PBXFileReference; lastKnownFileType = sourcecode.swift; path = LoginController.swift; sourceTree = "<group>"; };
		4878280E25AFA721008A28C7 /* MainTabBarController.swift */ = {isa = PBXFileReference; lastKnownFileType = sourcecode.swift; path = MainTabBarController.swift; sourceTree = "<group>"; };
		4878281025AFA861008A28C7 /* UserProfileController.swift */ = {isa = PBXFileReference; lastKnownFileType = sourcecode.swift; path = UserProfileController.swift; sourceTree = "<group>"; };
		4878281325AFB8E2008A28C7 /* UserProfileHeader.swift */ = {isa = PBXFileReference; lastKnownFileType = sourcecode.swift; path = UserProfileHeader.swift; sourceTree = "<group>"; };
		48DDF3E125AF7D7A008C6E92 /* GoogleService-Info.plist */ = {isa = PBXFileReference; fileEncoding = 4; lastKnownFileType = text.plist.xml; path = "GoogleService-Info.plist"; sourceTree = "<group>"; };
		48E9D9A325AE638E00CEBFAD /* Instagram.app */ = {isa = PBXFileReference; explicitFileType = wrapper.application; includeInIndex = 0; path = Instagram.app; sourceTree = BUILT_PRODUCTS_DIR; };
		48E9D9A625AE638E00CEBFAD /* AppDelegate.swift */ = {isa = PBXFileReference; lastKnownFileType = sourcecode.swift; path = AppDelegate.swift; sourceTree = "<group>"; };
		48E9D9A825AE638E00CEBFAD /* SignUpController.swift */ = {isa = PBXFileReference; lastKnownFileType = sourcecode.swift; path = SignUpController.swift; sourceTree = "<group>"; };
		48E9D9AD25AE638F00CEBFAD /* Assets.xcassets */ = {isa = PBXFileReference; lastKnownFileType = folder.assetcatalog; path = Assets.xcassets; sourceTree = "<group>"; };
		48E9D9B025AE638F00CEBFAD /* Base */ = {isa = PBXFileReference; lastKnownFileType = file.storyboard; name = Base; path = Base.lproj/LaunchScreen.storyboard; sourceTree = "<group>"; };
		48E9D9B225AE638F00CEBFAD /* Info.plist */ = {isa = PBXFileReference; lastKnownFileType = text.plist.xml; path = Info.plist; sourceTree = "<group>"; };
		A20AACE7175F1971D814D96A /* Pods_Instagram.framework */ = {isa = PBXFileReference; explicitFileType = wrapper.framework; includeInIndex = 0; path = Pods_Instagram.framework; sourceTree = BUILT_PRODUCTS_DIR; };
		AD17D6A99733A72E962AC531 /* Pods-Instagram.release.xcconfig */ = {isa = PBXFileReference; includeInIndex = 1; lastKnownFileType = text.xcconfig; name = "Pods-Instagram.release.xcconfig"; path = "Target Support Files/Pods-Instagram/Pods-Instagram.release.xcconfig"; sourceTree = "<group>"; };
		D24C7E62BF066ADEDF84CC11 /* Pods-Instagram.debug.xcconfig */ = {isa = PBXFileReference; includeInIndex = 1; lastKnownFileType = text.xcconfig; name = "Pods-Instagram.debug.xcconfig"; path = "Target Support Files/Pods-Instagram/Pods-Instagram.debug.xcconfig"; sourceTree = "<group>"; };
/* End PBXFileReference section */

/* Begin PBXFrameworksBuildPhase section */
		48E9D9A025AE638E00CEBFAD /* Frameworks */ = {
			isa = PBXFrameworksBuildPhase;
			buildActionMask = 2147483647;
			files = (
				72D70F28D241A26E13CD5E38 /* Pods_Instagram.framework in Frameworks */,
			);
			runOnlyForDeploymentPostprocessing = 0;
		};
/* End PBXFrameworksBuildPhase section */

/* Begin PBXGroup section */
		025E05F99E74C797427A78F3 /* Frameworks */ = {
			isa = PBXGroup;
			children = (
				A20AACE7175F1971D814D96A /* Pods_Instagram.framework */,
			);
			name = Frameworks;
			sourceTree = "<group>";
		};
		481FC01F25AF638100ABF2DD /* Utils */ = {
			isa = PBXGroup;
			children = (
				481FC02025AF638E00ABF2DD /* Extensions.swift */,
			);
			path = Utils;
			sourceTree = "<group>";
		};
		4828B8B225B6102100AA07FB /* AddPhoto */ = {
			isa = PBXGroup;
			children = (
				4828B8B325B6108400AA07FB /* PhotoSelectorController.swift */,
			);
			path = AddPhoto;
			sourceTree = "<group>";
		};
		4837B4A925B0C8BA001A3622 /* Login */ = {
			isa = PBXGroup;
			children = (
				4837B4AA25B0C8D3001A3622 /* LoginController.swift */,
				48E9D9A825AE638E00CEBFAD /* SignUpController.swift */,
			);
			path = Login;
			sourceTree = "<group>";
		};
		4878281225AFB8CC008A28C7 /* UserProfile */ = {
			isa = PBXGroup;
			children = (
				4878281325AFB8E2008A28C7 /* UserProfileHeader.swift */,
				4878281025AFA861008A28C7 /* UserProfileController.swift */,
			);
			path = UserProfile;
			sourceTree = "<group>";
		};
		48E9D99A25AE638E00CEBFAD = {
			isa = PBXGroup;
			children = (
				48E9D9A525AE638E00CEBFAD /* Instagram */,
				48E9D9A425AE638E00CEBFAD /* Products */,
				BAAD2032BCD0EABEC80B3C74 /* Pods */,
				025E05F99E74C797427A78F3 /* Frameworks */,
			);
			sourceTree = "<group>";
		};
		48E9D9A425AE638E00CEBFAD /* Products */ = {
			isa = PBXGroup;
			children = (
				48E9D9A325AE638E00CEBFAD /* Instagram.app */,
			);
			name = Products;
			sourceTree = "<group>";
		};
		48E9D9A525AE638E00CEBFAD /* Instagram */ = {
			isa = PBXGroup;
			children = (
				4828B8B225B6102100AA07FB /* AddPhoto */,
				4837B4A925B0C8BA001A3622 /* Login */,
				4878281225AFB8CC008A28C7 /* UserProfile */,
				481FC01F25AF638100ABF2DD /* Utils */,
				48E9D9A625AE638E00CEBFAD /* AppDelegate.swift */,
				4878280E25AFA721008A28C7 /* MainTabBarController.swift */,
				48E9D9AD25AE638F00CEBFAD /* Assets.xcassets */,
				48E9D9AF25AE638F00CEBFAD /* LaunchScreen.storyboard */,
				48E9D9B225AE638F00CEBFAD /* Info.plist */,
				48DDF3E125AF7D7A008C6E92 /* GoogleService-Info.plist */,
			);
			path = Instagram;
			sourceTree = "<group>";
		};
		BAAD2032BCD0EABEC80B3C74 /* Pods */ = {
			isa = PBXGroup;
			children = (
				D24C7E62BF066ADEDF84CC11 /* Pods-Instagram.debug.xcconfig */,
				AD17D6A99733A72E962AC531 /* Pods-Instagram.release.xcconfig */,
			);
			path = Pods;
			sourceTree = "<group>";
		};
/* End PBXGroup section */

/* Begin PBXNativeTarget section */
		48E9D9A225AE638E00CEBFAD /* Instagram */ = {
			isa = PBXNativeTarget;
			buildConfigurationList = 48E9D9B525AE638F00CEBFAD /* Build configuration list for PBXNativeTarget "Instagram" */;
			buildPhases = (
				CEE25F10E96DE4D83EEDFE7B /* [CP] Check Pods Manifest.lock */,
				48E9D99F25AE638E00CEBFAD /* Sources */,
				48E9D9A025AE638E00CEBFAD /* Frameworks */,
				48E9D9A125AE638E00CEBFAD /* Resources */,
				20E07D548E437B57218997F5 /* [CP] Embed Pods Frameworks */,
			);
			buildRules = (
			);
			dependencies = (
			);
			name = Instagram;
			productName = Instagram;
			productReference = 48E9D9A325AE638E00CEBFAD /* Instagram.app */;
			productType = "com.apple.product-type.application";
		};
/* End PBXNativeTarget section */

/* Begin PBXProject section */
		48E9D99B25AE638E00CEBFAD /* Project object */ = {
			isa = PBXProject;
			attributes = {
				LastSwiftUpdateCheck = 1030;
				LastUpgradeCheck = 1030;
				ORGANIZATIONNAME = "Fred Lefevre";
				TargetAttributes = {
					48E9D9A225AE638E00CEBFAD = {
						CreatedOnToolsVersion = 10.3;
					};
				};
			};
			buildConfigurationList = 48E9D99E25AE638E00CEBFAD /* Build configuration list for PBXProject "Instagram" */;
			compatibilityVersion = "Xcode 9.3";
			developmentRegion = en;
			hasScannedForEncodings = 0;
			knownRegions = (
				en,
				Base,
			);
			mainGroup = 48E9D99A25AE638E00CEBFAD;
			productRefGroup = 48E9D9A425AE638E00CEBFAD /* Products */;
			projectDirPath = "";
			projectRoot = "";
			targets = (
				48E9D9A225AE638E00CEBFAD /* Instagram */,
			);
		};
/* End PBXProject section */

/* Begin PBXResourcesBuildPhase section */
		48E9D9A125AE638E00CEBFAD /* Resources */ = {
			isa = PBXResourcesBuildPhase;
			buildActionMask = 2147483647;
			files = (
				48E9D9B125AE638F00CEBFAD /* LaunchScreen.storyboard in Resources */,
				48DDF3E225AF7D7A008C6E92 /* GoogleService-Info.plist in Resources */,
				48E9D9AE25AE638F00CEBFAD /* Assets.xcassets in Resources */,
			);
			runOnlyForDeploymentPostprocessing = 0;
		};
/* End PBXResourcesBuildPhase section */

/* Begin PBXShellScriptBuildPhase section */
		20E07D548E437B57218997F5 /* [CP] Embed Pods Frameworks */ = {
			isa = PBXShellScriptBuildPhase;
			buildActionMask = 2147483647;
			files = (
			);
			inputFileListPaths = (
				"${PODS_ROOT}/Target Support Files/Pods-Instagram/Pods-Instagram-frameworks-${CONFIGURATION}-input-files.xcfilelist",
			);
			name = "[CP] Embed Pods Frameworks";
			outputFileListPaths = (
				"${PODS_ROOT}/Target Support Files/Pods-Instagram/Pods-Instagram-frameworks-${CONFIGURATION}-output-files.xcfilelist",
			);
			runOnlyForDeploymentPostprocessing = 0;
			shellPath = /bin/sh;
			shellScript = "\"${PODS_ROOT}/Target Support Files/Pods-Instagram/Pods-Instagram-frameworks.sh\"\n";
			showEnvVarsInLog = 0;
		};
		CEE25F10E96DE4D83EEDFE7B /* [CP] Check Pods Manifest.lock */ = {
			isa = PBXShellScriptBuildPhase;
			buildActionMask = 2147483647;
			files = (
			);
			inputFileListPaths = (
			);
			inputPaths = (
				"${PODS_PODFILE_DIR_PATH}/Podfile.lock",
				"${PODS_ROOT}/Manifest.lock",
			);
			name = "[CP] Check Pods Manifest.lock";
			outputFileListPaths = (
			);
			outputPaths = (
				"$(DERIVED_FILE_DIR)/Pods-Instagram-checkManifestLockResult.txt",
			);
			runOnlyForDeploymentPostprocessing = 0;
			shellPath = /bin/sh;
			shellScript = "diff \"${PODS_PODFILE_DIR_PATH}/Podfile.lock\" \"${PODS_ROOT}/Manifest.lock\" > /dev/null\nif [ $? != 0 ] ; then\n    # print error to STDERR\n    echo \"error: The sandbox is not in sync with the Podfile.lock. Run 'pod install' or update your CocoaPods installation.\" >&2\n    exit 1\nfi\n# This output is used by Xcode 'outputs' to avoid re-running this script phase.\necho \"SUCCESS\" > \"${SCRIPT_OUTPUT_FILE_0}\"\n";
			showEnvVarsInLog = 0;
		};
/* End PBXShellScriptBuildPhase section */

/* Begin PBXSourcesBuildPhase section */
		48E9D99F25AE638E00CEBFAD /* Sources */ = {
			isa = PBXSourcesBuildPhase;
			buildActionMask = 2147483647;
			files = (
				48E9D9A925AE638E00CEBFAD /* SignUpController.swift in Sources */,
				481FC02125AF638E00ABF2DD /* Extensions.swift in Sources */,
				4878280F25AFA721008A28C7 /* MainTabBarController.swift in Sources */,
				4878281425AFB8E2008A28C7 /* UserProfileHeader.swift in Sources */,
				4878281125AFA861008A28C7 /* UserProfileController.swift in Sources */,
				48E9D9A725AE638E00CEBFAD /* AppDelegate.swift in Sources */,
				4837B4AB25B0C8D3001A3622 /* LoginController.swift in Sources */,
				4828B8B425B6108400AA07FB /* PhotoSelectorController.swift in Sources */,
			);
			runOnlyForDeploymentPostprocessing = 0;
		};
/* End PBXSourcesBuildPhase section */

/* Begin PBXVariantGroup section */
		48E9D9AF25AE638F00CEBFAD /* LaunchScreen.storyboard */ = {
			isa = PBXVariantGroup;
			children = (
				48E9D9B025AE638F00CEBFAD /* Base */,
			);
			name = LaunchScreen.storyboard;
			sourceTree = "<group>";
		};
/* End PBXVariantGroup section */

/* Begin XCBuildConfiguration section */
		48E9D9B325AE638F00CEBFAD /* Debug */ = {
			isa = XCBuildConfiguration;
			buildSettings = {
				ALWAYS_SEARCH_USER_PATHS = NO;
				CLANG_ANALYZER_NONNULL = YES;
				CLANG_ANALYZER_NUMBER_OBJECT_CONVERSION = YES_AGGRESSIVE;
				CLANG_CXX_LANGUAGE_STANDARD = "gnu++14";
				CLANG_CXX_LIBRARY = "libc++";
				CLANG_ENABLE_MODULES = YES;
				CLANG_ENABLE_OBJC_ARC = YES;
				CLANG_ENABLE_OBJC_WEAK = YES;
				CLANG_WARN_BLOCK_CAPTURE_AUTORELEASING = YES;
				CLANG_WARN_BOOL_CONVERSION = YES;
				CLANG_WARN_COMMA = YES;
				CLANG_WARN_CONSTANT_CONVERSION = YES;
				CLANG_WARN_DEPRECATED_OBJC_IMPLEMENTATIONS = YES;
				CLANG_WARN_DIRECT_OBJC_ISA_USAGE = YES_ERROR;
				CLANG_WARN_DOCUMENTATION_COMMENTS = YES;
				CLANG_WARN_EMPTY_BODY = YES;
				CLANG_WARN_ENUM_CONVERSION = YES;
				CLANG_WARN_INFINITE_RECURSION = YES;
				CLANG_WARN_INT_CONVERSION = YES;
				CLANG_WARN_NON_LITERAL_NULL_CONVERSION = YES;
				CLANG_WARN_OBJC_IMPLICIT_RETAIN_SELF = YES;
				CLANG_WARN_OBJC_LITERAL_CONVERSION = YES;
				CLANG_WARN_OBJC_ROOT_CLASS = YES_ERROR;
				CLANG_WARN_RANGE_LOOP_ANALYSIS = YES;
				CLANG_WARN_STRICT_PROTOTYPES = YES;
				CLANG_WARN_SUSPICIOUS_MOVE = YES;
				CLANG_WARN_UNGUARDED_AVAILABILITY = YES_AGGRESSIVE;
				CLANG_WARN_UNREACHABLE_CODE = YES;
				CLANG_WARN__DUPLICATE_METHOD_MATCH = YES;
				CODE_SIGN_IDENTITY = "iPhone Developer";
				COPY_PHASE_STRIP = NO;
				DEBUG_INFORMATION_FORMAT = dwarf;
				ENABLE_STRICT_OBJC_MSGSEND = YES;
				ENABLE_TESTABILITY = YES;
				GCC_C_LANGUAGE_STANDARD = gnu11;
				GCC_DYNAMIC_NO_PIC = NO;
				GCC_NO_COMMON_BLOCKS = YES;
				GCC_OPTIMIZATION_LEVEL = 0;
				GCC_PREPROCESSOR_DEFINITIONS = (
					"DEBUG=1",
					"$(inherited)",
				);
				GCC_WARN_64_TO_32_BIT_CONVERSION = YES;
				GCC_WARN_ABOUT_RETURN_TYPE = YES_ERROR;
				GCC_WARN_UNDECLARED_SELECTOR = YES;
				GCC_WARN_UNINITIALIZED_AUTOS = YES_AGGRESSIVE;
				GCC_WARN_UNUSED_FUNCTION = YES;
				GCC_WARN_UNUSED_VARIABLE = YES;
				IPHONEOS_DEPLOYMENT_TARGET = 12.4;
				MTL_ENABLE_DEBUG_INFO = INCLUDE_SOURCE;
				MTL_FAST_MATH = YES;
				ONLY_ACTIVE_ARCH = YES;
				SDKROOT = iphoneos;
				SWIFT_ACTIVE_COMPILATION_CONDITIONS = DEBUG;
				SWIFT_OPTIMIZATION_LEVEL = "-Onone";
			};
			name = Debug;
		};
		48E9D9B425AE638F00CEBFAD /* Release */ = {
			isa = XCBuildConfiguration;
			buildSettings = {
				ALWAYS_SEARCH_USER_PATHS = NO;
				CLANG_ANALYZER_NONNULL = YES;
				CLANG_ANALYZER_NUMBER_OBJECT_CONVERSION = YES_AGGRESSIVE;
				CLANG_CXX_LANGUAGE_STANDARD = "gnu++14";
				CLANG_CXX_LIBRARY = "libc++";
				CLANG_ENABLE_MODULES = YES;
				CLANG_ENABLE_OBJC_ARC = YES;
				CLANG_ENABLE_OBJC_WEAK = YES;
				CLANG_WARN_BLOCK_CAPTURE_AUTORELEASING = YES;
				CLANG_WARN_BOOL_CONVERSION = YES;
				CLANG_WARN_COMMA = YES;
				CLANG_WARN_CONSTANT_CONVERSION = YES;
				CLANG_WARN_DEPRECATED_OBJC_IMPLEMENTATIONS = YES;
				CLANG_WARN_DIRECT_OBJC_ISA_USAGE = YES_ERROR;
				CLANG_WARN_DOCUMENTATION_COMMENTS = YES;
				CLANG_WARN_EMPTY_BODY = YES;
				CLANG_WARN_ENUM_CONVERSION = YES;
				CLANG_WARN_INFINITE_RECURSION = YES;
				CLANG_WARN_INT_CONVERSION = YES;
				CLANG_WARN_NON_LITERAL_NULL_CONVERSION = YES;
				CLANG_WARN_OBJC_IMPLICIT_RETAIN_SELF = YES;
				CLANG_WARN_OBJC_LITERAL_CONVERSION = YES;
				CLANG_WARN_OBJC_ROOT_CLASS = YES_ERROR;
				CLANG_WARN_RANGE_LOOP_ANALYSIS = YES;
				CLANG_WARN_STRICT_PROTOTYPES = YES;
				CLANG_WARN_SUSPICIOUS_MOVE = YES;
				CLANG_WARN_UNGUARDED_AVAILABILITY = YES_AGGRESSIVE;
				CLANG_WARN_UNREACHABLE_CODE = YES;
				CLANG_WARN__DUPLICATE_METHOD_MATCH = YES;
				CODE_SIGN_IDENTITY = "iPhone Developer";
				COPY_PHASE_STRIP = NO;
				DEBUG_INFORMATION_FORMAT = "dwarf-with-dsym";
				ENABLE_NS_ASSERTIONS = NO;
				ENABLE_STRICT_OBJC_MSGSEND = YES;
				GCC_C_LANGUAGE_STANDARD = gnu11;
				GCC_NO_COMMON_BLOCKS = YES;
				GCC_WARN_64_TO_32_BIT_CONVERSION = YES;
				GCC_WARN_ABOUT_RETURN_TYPE = YES_ERROR;
				GCC_WARN_UNDECLARED_SELECTOR = YES;
				GCC_WARN_UNINITIALIZED_AUTOS = YES_AGGRESSIVE;
				GCC_WARN_UNUSED_FUNCTION = YES;
				GCC_WARN_UNUSED_VARIABLE = YES;
				IPHONEOS_DEPLOYMENT_TARGET = 12.4;
				MTL_ENABLE_DEBUG_INFO = NO;
				MTL_FAST_MATH = YES;
				SDKROOT = iphoneos;
				SWIFT_COMPILATION_MODE = wholemodule;
				SWIFT_OPTIMIZATION_LEVEL = "-O";
				VALIDATE_PRODUCT = YES;
			};
			name = Release;
		};
		48E9D9B625AE638F00CEBFAD /* Debug */ = {
			isa = XCBuildConfiguration;
			baseConfigurationReference = D24C7E62BF066ADEDF84CC11 /* Pods-Instagram.debug.xcconfig */;
			buildSettings = {
				ASSETCATALOG_COMPILER_APPICON_NAME = AppIcon;
				CODE_SIGN_STYLE = Automatic;
				DEVELOPMENT_TEAM = R6V3TXD99T;
				INFOPLIST_FILE = Instagram/Info.plist;
				LD_RUNPATH_SEARCH_PATHS = (
					"$(inherited)",
					"@executable_path/Frameworks",
				);
				PRODUCT_BUNDLE_IDENTIFIER = com.fredlefevre.Instagram;
				PRODUCT_NAME = "$(TARGET_NAME)";
				SWIFT_VERSION = 5.0;
				TARGETED_DEVICE_FAMILY = "1,2";
			};
			name = Debug;
		};
		48E9D9B725AE638F00CEBFAD /* Release */ = {
			isa = XCBuildConfiguration;
			baseConfigurationReference = AD17D6A99733A72E962AC531 /* Pods-Instagram.release.xcconfig */;
			buildSettings = {
				ASSETCATALOG_COMPILER_APPICON_NAME = AppIcon;
				CODE_SIGN_STYLE = Automatic;
				DEVELOPMENT_TEAM = R6V3TXD99T;
				INFOPLIST_FILE = Instagram/Info.plist;
				LD_RUNPATH_SEARCH_PATHS = (
					"$(inherited)",
					"@executable_path/Frameworks",
				);
				PRODUCT_BUNDLE_IDENTIFIER = com.fredlefevre.Instagram;
				PRODUCT_NAME = "$(TARGET_NAME)";
				SWIFT_VERSION = 5.0;
				TARGETED_DEVICE_FAMILY = "1,2";
			};
			name = Release;
		};
/* End XCBuildConfiguration section */

/* Begin XCConfigurationList section */
		48E9D99E25AE638E00CEBFAD /* Build configuration list for PBXProject "Instagram" */ = {
			isa = XCConfigurationList;
			buildConfigurations = (
				48E9D9B325AE638F00CEBFAD /* Debug */,
				48E9D9B425AE638F00CEBFAD /* Release */,
			);
			defaultConfigurationIsVisible = 0;
			defaultConfigurationName = Release;
		};
		48E9D9B525AE638F00CEBFAD /* Build configuration list for PBXNativeTarget "Instagram" */ = {
			isa = XCConfigurationList;
			buildConfigurations = (
				48E9D9B625AE638F00CEBFAD /* Debug */,
				48E9D9B725AE638F00CEBFAD /* Release */,
			);
			defaultConfigurationIsVisible = 0;
			defaultConfigurationName = Release;
		};
/* End XCConfigurationList section */
	};
	rootObject = 48E9D99B25AE638E00CEBFAD /* Project object */;
}
